
Microsoft Visual Studio Solution File, Format Version 12.00
# Visual Studio Version 17
VisualStudioVersion = 17.9.34616.47
MinimumVisualStudioVersion = 10.0.40219.1
Project("{FAE04EC0-301F-11D3-BF4B-00C04F79EFBC}") = "BTree", "BTree\BTree.csproj", "{32F101B8-5D83-428B-BE77-F5E54847FCF9}"
EndProject
Global
	GlobalSection(SolutionConfigurationPlatforms) = preSolution
		Debug|Any CPU = Debug|Any CPU
		Release|Any CPU = Release|Any CPU
	EndGlobalSection
	GlobalSection(ProjectConfigurationPlatforms) = postSolution
		{32F101B8-5D83-428B-BE77-F5E54847FCF9}.Debug|Any CPU.ActiveCfg = Debug|Any CPU
		{32F101B8-5D83-428B-BE77-F5E54847FCF9}.Debug|Any CPU.Build.0 = Debug|Any CPU
		{32F101B8-5D83-428B-BE77-F5E54847FCF9}.Release|Any CPU.ActiveCfg = Release|Any CPU
		{32F101B8-5D83-428B-BE77-F5E54847FCF9}.Release|Any CPU.Build.0 = Release|Any CPU
	EndGlobalSection
	GlobalSection(SolutionProperties) = preSolution
		HideSolutionNode = FALSE
	EndGlobalSection
	GlobalSection(ExtensibilityGlobals) = postSolution
		SolutionGuid = {53E8A368-1B46-4F33-B51F-6B596B9CD1A5}
	EndGlobalSection
EndGlobal
